<?xml version="1.0" encoding="utf-8"?>
<Project ToolsVersion="4.0" xmlns="http://schemas.microsoft.com/developer/msbuild/2003">
  <ItemGroup>
    <Filter Include="Include">
      <UniqueIdentifier>{93995380-89BD-4b04-88EB-625FBE52EBFB}</UniqueIdentifier>
      <Extensions>h;hh;hpp;hxx;h++;hm;inl;inc;ipp;xsd</Extensions>
    </Filter>
    <Filter Include="Source">
      <UniqueIdentifier>{4FC737F1-C7A5-4376-A066-2A32D752A2FF}</UniqueIdentifier>
      <Extensions>cpp;c;cc;cxx;c++;cppm;ixx;def;odl;idl;hpj;bat;asm;asmx</Extensions>
    </Filter>
    <Filter Include="Source\Core">
      <UniqueIdentifier>{7899c152-3c9b-483e-8e6c-d72d00b295ca}</UniqueIdentifier>
    </Filter>
    <Filter Include="Source\Math">
      <UniqueIdentifier>{69a75a35-a2ec-4355-8114-98c32d350a18}</UniqueIdentifier>
    </Filter>
    <Filter Include="Source\Renderer">
      <UniqueIdentifier>{8e3662ab-b178-418e-a063-f11fa897023c}</UniqueIdentifier>
    </Filter>
    <Filter Include="Source\Input">
      <UniqueIdentifier>{0db341b9-5d3d-43dd-a7db-b4d454bbd617}</UniqueIdentifier>
    </Filter>
    <Filter Include="Source\Audio">
      <UniqueIdentifier>{cc285270-0645-419b-b354-486d0cd119b0}</UniqueIdentifier>
    </Filter>
    <Filter Include="Source\GameEngine">
      <UniqueIdentifier>{7bb671ee-d1b9-40cb-9e7f-be09c8b0ed63}</UniqueIdentifier>
    </Filter>
  </ItemGroup>
  <ItemGroup>
    <ClCompile Include="Engine.cpp">
      <Filter>Source</Filter>
    </ClCompile>
    <ClCompile Include="Core\Time.cpp">
      <Filter>Source\Core</Filter>
    </ClCompile>
    <ClCompile Include="Input\InputSystem.cpp">
      <Filter>Source\Input</Filter>
    </ClCompile>
    <ClCompile Include="Audio\AudioSystem.cpp">
      <Filter>Source\Audio</Filter>
    </ClCompile>
    <ClCompile Include="Renderer\Model.cpp">
      <Filter>Source\Renderer</Filter>
    </ClCompile>
    <ClCompile Include="GameEngine\Scene.cpp">
      <Filter>Source\GameEngine</Filter>
    </ClCompile>
    <ClCompile Include="GameEngine\Actor.cpp">
      <Filter>Source\GameEngine</Filter>
    </ClCompile>
    <ClCompile Include="GameEngine\Game.cpp">
      <Filter>Source\GameEngine</Filter>
    </ClCompile>
    <ClCompile Include="Renderer\Font.cpp">
      <Filter>Source\Renderer</Filter>
    </ClCompile>
    <ClCompile Include="Renderer\Renderer.cpp">
      <Filter>Source\Renderer</Filter>
    </ClCompile>
    <ClCompile Include="Renderer\Text.cpp">
      <Filter>Source\Renderer</Filter>
    </ClCompile>
    <ClCompile Include="Renderer\ParticleSystem.cpp">
      <Filter>Source\Renderer</Filter>
    </ClCompile>
    <ClCompile Include="Core\File.cpp">
      <Filter>Source\Core</Filter>
    </ClCompile>
  </ItemGroup>
  <ItemGroup>
    <ClInclude Include="Core\Random.h">
      <Filter>Source\Core</Filter>
    </ClInclude>
    <ClInclude Include="Core\Time.h">
      <Filter>Source\Core</Filter>
    </ClInclude>
    <ClInclude Include="Math\Math.h">
      <Filter>Source\Math</Filter>
    </ClInclude>
    <ClInclude Include="Renderer\Renderer.h">
      <Filter>Source\Renderer</Filter>
    </ClInclude>
    <ClInclude Include="Math\Vector2.h">
      <Filter>Source\Math</Filter>
    </ClInclude>
    <ClInclude Include="Input\InputSystem.h">
      <Filter>Source\Input</Filter>
    </ClInclude>
    <ClInclude Include="Audio\AudioSystem.h">
      <Filter>Source\Audio</Filter>
    </ClInclude>
    <ClInclude Include="Math\Vector3.h">
      <Filter>Source\Math</Filter>
    </ClInclude>
    <ClInclude Include="Core\StringHelper.h">
      <Filter>Source\Core</Filter>
    </ClInclude>
    <ClInclude Include="Renderer\Model.h">
      <Filter>Source\Renderer</Filter>
    </ClInclude>
    <ClInclude Include="Math\Transform.h">
      <Filter>Source\Math</Filter>
    </ClInclude>
    <ClInclude Include="GameEngine\Actor.h">
      <Filter>Source\GameEngine</Filter>
    </ClInclude>
    <ClInclude Include="Engine.h">
      <Filter>Source</Filter>
    </ClInclude>
    <ClInclude Include="GameEngine\Game.h">
      <Filter>Source\GameEngine</Filter>
    </ClInclude>
    <ClInclude Include="Renderer\Font.h">
      <Filter>Source\Renderer</Filter>
    </ClInclude>
    <ClInclude Include="Renderer\Text.h">
      <Filter>Source\Renderer</Filter>
    </ClInclude>
    <ClInclude Include="GameEngine\Scene.h">
      <Filter>Source\GameEngine</Filter>
    </ClInclude>
    <ClInclude Include="Renderer\ParticleSystem.h">
      <Filter>Source\Renderer</Filter>
    </ClInclude>
    <ClInclude Include="Core\File.h">
      <Filter>Source\Core</Filter>
    </ClInclude>
  </ItemGroup>
</Project>